
Microsoft Visual Studio Solution File, Format Version 12.00
# Visual Studio Version 17
VisualStudioVersion = 17.13.35931.197 d17.13
MinimumVisualStudioVersion = 10.0.40219.1
Project("{FAE04EC0-301F-11D3-BF4B-00C04F79EFBC}") = "Gestion.Server", "Gestion\Gestion\Gestion.Server.csproj", "{AA448389-84FC-43BE-A5BA-87729E5FCFA1}"
EndProject
Project("{FAE04EC0-301F-11D3-BF4B-00C04F79EFBC}") = "Gestion.Client", "Gestion\Gestion.Client\Gestion.Client.csproj", "{F131AEE3-7060-4F17-92C1-6FA7F68F972E}"
EndProject
Project("{FAE04EC0-301F-11D3-BF4B-00C04F79EFBC}") = "Gestion.BD", "Gestion.BD\Gestion.BD.csproj", "{F812884E-0E84-497E-8073-24E39A1BB764}"
EndProject
Global
	GlobalSection(SolutionConfigurationPlatforms) = preSolution
		Debug|Any CPU = Debug|Any CPU
		Release|Any CPU = Release|Any CPU
	EndGlobalSection
	GlobalSection(ProjectConfigurationPlatforms) = postSolution
		{AA448389-84FC-43BE-A5BA-87729E5FCFA1}.Debug|Any CPU.ActiveCfg = Debug|Any CPU
		{AA448389-84FC-43BE-A5BA-87729E5FCFA1}.Debug|Any CPU.Build.0 = Debug|Any CPU
		{AA448389-84FC-43BE-A5BA-87729E5FCFA1}.Release|Any CPU.ActiveCfg = Release|Any CPU
		{AA448389-84FC-43BE-A5BA-87729E5FCFA1}.Release|Any CPU.Build.0 = Release|Any CPU
		{F131AEE3-7060-4F17-92C1-6FA7F68F972E}.Debug|Any CPU.ActiveCfg = Debug|Any CPU
		{F131AEE3-7060-4F17-92C1-6FA7F68F972E}.Debug|Any CPU.Build.0 = Debug|Any CPU
		{F131AEE3-7060-4F17-92C1-6FA7F68F972E}.Release|Any CPU.ActiveCfg = Release|Any CPU
		{F131AEE3-7060-4F17-92C1-6FA7F68F972E}.Release|Any CPU.Build.0 = Release|Any CPU
		{F812884E-0E84-497E-8073-24E39A1BB764}.Debug|Any CPU.ActiveCfg = Debug|Any CPU
		{F812884E-0E84-497E-8073-24E39A1BB764}.Debug|Any CPU.Build.0 = Debug|Any CPU
		{F812884E-0E84-497E-8073-24E39A1BB764}.Release|Any CPU.ActiveCfg = Release|Any CPU
		{F812884E-0E84-497E-8073-24E39A1BB764}.Release|Any CPU.Build.0 = Release|Any CPU
	EndGlobalSection
	GlobalSection(SolutionProperties) = preSolution
		HideSolutionNode = FALSE
	EndGlobalSection
	GlobalSection(ExtensibilityGlobals) = postSolution
		SolutionGuid = {B03FB85D-11EF-4B16-97ED-8351559A8979}
	EndGlobalSection
EndGlobal
